// !$*UTF8*$!
{
	archiveVersion = 1;
	classes = {
	};
	objectVersion = 46;
	objects = {

/* Begin PBXBuildFile section */
		CD02F3931E34CF6200A5DD9C /* SearchResult.swift in Sources */ = {isa = PBXBuildFile; fileRef = CD02F3921E34CF6200A5DD9C /* SearchResult.swift */; };
		CD04FEDD1E57306100832820 /* InitialisesExtendedNavBar.swift in Sources */ = {isa = PBXBuildFile; fileRef = CD04FEDC1E57306100832820 /* InitialisesExtendedNavBar.swift */; };
		CD251B041E3555F4004DACB7 /* Search.swift in Sources */ = {isa = PBXBuildFile; fileRef = CD251B031E3555F4004DACB7 /* Search.swift */; };
		CD2743611E4CB81B00FC4C53 /* Loader.swift in Sources */ = {isa = PBXBuildFile; fileRef = CD2743601E4CB81B00FC4C53 /* Loader.swift */; };
		CD28AF9E1E449F1E00663A36 /* ClusterInfoTableViewController.swift in Sources */ = {isa = PBXBuildFile; fileRef = CD28AF9D1E449F1E00663A36 /* ClusterInfoTableViewController.swift */; };
		CD28AFA01E450A1600663A36 /* ControlsTableViewController.swift in Sources */ = {isa = PBXBuildFile; fileRef = CD28AF9F1E450A1600663A36 /* ControlsTableViewController.swift */; };
		CD33D95B1E362C0700AB6E94 /* MapKit.framework in Frameworks */ = {isa = PBXBuildFile; fileRef = CD33D95A1E362C0700AB6E94 /* MapKit.framework */; };
		CD33D95D1E362C7100AB6E94 /* MapViewController.swift in Sources */ = {isa = PBXBuildFile; fileRef = CD33D95C1E362C7100AB6E94 /* MapViewController.swift */; };
		CD33D95F1E36405200AB6E94 /* MapAnnotation.swift in Sources */ = {isa = PBXBuildFile; fileRef = CD33D95E1E36405200AB6E94 /* MapAnnotation.swift */; };
		CD33D9651E3668E000AB6E94 /* DetailViewController.swift in Sources */ = {isa = PBXBuildFile; fileRef = CD33D9641E3668E000AB6E94 /* DetailViewController.swift */; };
		CD33D9751E36808400AB6E94 /* AddressTests.swift in Sources */ = {isa = PBXBuildFile; fileRef = CD33D9741E36808400AB6E94 /* AddressTests.swift */; };
		CD568C7E1E32CF9300DB0B9C /* AddressController.swift in Sources */ = {isa = PBXBuildFile; fileRef = CD568C7D1E32CF9300DB0B9C /* AddressController.swift */; };
		CD568C801E32D1F600DB0B9C /* Address.swift in Sources */ = {isa = PBXBuildFile; fileRef = CD568C7F1E32D1F600DB0B9C /* Address.swift */; };
		CD5AD2501E4F756900ED3226 /* ClusterInfoCell.swift in Sources */ = {isa = PBXBuildFile; fileRef = CD5AD24E1E4F756900ED3226 /* ClusterInfoCell.swift */; };
		CD5AD2551E4F775700ED3226 /* ClusterInfoCell.xib in Resources */ = {isa = PBXBuildFile; fileRef = CD5AD2541E4F775700ED3226 /* ClusterInfoCell.xib */; };
		CD6729541E5B552200EEC959 /* PieViewController.swift in Sources */ = {isa = PBXBuildFile; fileRef = CD6729531E5B552200EEC959 /* PieViewController.swift */; };
		CD7007551E5F63D3000FFCFA /* LineGraphViewController.swift in Sources */ = {isa = PBXBuildFile; fileRef = CD7007541E5F63D3000FFCFA /* LineGraphViewController.swift */; };
		CD7007571E5F95F0000FFCFA /* RegionsTableViewController.swift in Sources */ = {isa = PBXBuildFile; fileRef = CD7007561E5F95F0000FFCFA /* RegionsTableViewController.swift */; };
		CD7F5A7C1E55A7ED0000A1DF /* SlideInPresentationController.swift in Sources */ = {isa = PBXBuildFile; fileRef = CD7F5A7B1E55A7ED0000A1DF /* SlideInPresentationController.swift */; };
		CD7F5A7E1E55A7FC0000A1DF /* SlideInPresentationManager.swift in Sources */ = {isa = PBXBuildFile; fileRef = CD7F5A7D1E55A7FC0000A1DF /* SlideInPresentationManager.swift */; };
		CD7F5A801E55A80B0000A1DF /* SlideInPresentationAnimator.swift in Sources */ = {isa = PBXBuildFile; fileRef = CD7F5A7F1E55A80B0000A1DF /* SlideInPresentationAnimator.swift */; };
		CD7FBCA61E32AE1500DA40F1 /* AppDelegate.swift in Sources */ = {isa = PBXBuildFile; fileRef = CD7FBCA51E32AE1500DA40F1 /* AppDelegate.swift */; };
		CD7FBCAD1E32AE1500DA40F1 /* Main.storyboard in Resources */ = {isa = PBXBuildFile; fileRef = CD7FBCAB1E32AE1500DA40F1 /* Main.storyboard */; };
		CD7FBCAF1E32AE1500DA40F1 /* Assets.xcassets in Resources */ = {isa = PBXBuildFile; fileRef = CD7FBCAE1E32AE1500DA40F1 /* Assets.xcassets */; };
		CD7FBCB21E32AE1500DA40F1 /* LaunchScreen.storyboard in Resources */ = {isa = PBXBuildFile; fileRef = CD7FBCB01E32AE1500DA40F1 /* LaunchScreen.storyboard */; };
		CD7FC2C91E5236CF00B1B6C2 /* ContentCell.swift in Sources */ = {isa = PBXBuildFile; fileRef = CD7FC2C81E5236CF00B1B6C2 /* ContentCell.swift */; };
		CD7FC2CB1E523FA700B1B6C2 /* UIImage+Extensions.swift in Sources */ = {isa = PBXBuildFile; fileRef = CD7FC2CA1E523FA700B1B6C2 /* UIImage+Extensions.swift */; };
		CD7FC2CD1E5245E100B1B6C2 /* CoordCell.swift in Sources */ = {isa = PBXBuildFile; fileRef = CD7FC2CC1E5245E100B1B6C2 /* CoordCell.swift */; };
		CD8A24D31E4CD91B00244A56 /* CategoryCell.xib in Resources */ = {isa = PBXBuildFile; fileRef = CD8A24D21E4CD91B00244A56 /* CategoryCell.xib */; };
		CD8A24D51E4CEC2B00244A56 /* CategoryCell.swift in Sources */ = {isa = PBXBuildFile; fileRef = CD8A24D41E4CEC2B00244A56 /* CategoryCell.swift */; };
		CD8CDA101E5A188800F8EAD2 /* GraphsTabBarController.swift in Sources */ = {isa = PBXBuildFile; fileRef = CD8CDA0F1E5A188800F8EAD2 /* GraphsTabBarController.swift */; };
		CD95F9741E60D625003BB956 /* NCoords.swift in Sources */ = {isa = PBXBuildFile; fileRef = CD95F9731E60D625003BB956 /* NCoords.swift */; };
		CDA149751E60580C002F1003 /* ForceResult.swift in Sources */ = {isa = PBXBuildFile; fileRef = CDA149741E60580C002F1003 /* ForceResult.swift */; };
		CDA149781E606861002F1003 /* NeighbourhoodTableViewController.swift in Sources */ = {isa = PBXBuildFile; fileRef = CDA149771E606861002F1003 /* NeighbourhoodTableViewController.swift */; };
		CDA2A6431E58D15A0028F2D7 /* BarGraphViewController.swift in Sources */ = {isa = PBXBuildFile; fileRef = CDA2A6421E58D15A0028F2D7 /* BarGraphViewController.swift */; };
		CDBB86EF1E54684800902267 /* OverlayBar.xib in Resources */ = {isa = PBXBuildFile; fileRef = CDBB86EE1E54684800902267 /* OverlayBar.xib */; };
		CDBB86F11E5469CA00902267 /* OverlayBar.swift in Sources */ = {isa = PBXBuildFile; fileRef = CDBB86F01E5469CA00902267 /* OverlayBar.swift */; };
		CDC7F6A11E50ED45002F337B /* CoordinateCell.swift in Sources */ = {isa = PBXBuildFile; fileRef = CDC7F6A01E50ED45002F337B /* CoordinateCell.swift */; };
		CDC7F6A31E51177B002F337B /* CrimeDetail.xib in Resources */ = {isa = PBXBuildFile; fileRef = CDC7F6A21E51177B002F337B /* CrimeDetail.xib */; };
		CDC7F6A51E5123CB002F337B /* CrimeDetail.swift in Sources */ = {isa = PBXBuildFile; fileRef = CDC7F6A41E5123CB002F337B /* CrimeDetail.swift */; };
		CDD5DE011E40ADBF000F382C /* FBAnnotation.swift in Sources */ = {isa = PBXBuildFile; fileRef = CDD5DDF61E40ADBF000F382C /* FBAnnotation.swift */; };
		CDD5DE021E40ADBF000F382C /* FBAnnotationCluster.swift in Sources */ = {isa = PBXBuildFile; fileRef = CDD5DDF71E40ADBF000F382C /* FBAnnotationCluster.swift */; };
		CDD5DE031E40ADBF000F382C /* FBAnnotationClusterTemplate.swift in Sources */ = {isa = PBXBuildFile; fileRef = CDD5DDF81E40ADBF000F382C /* FBAnnotationClusterTemplate.swift */; };
		CDD5DE041E40ADBF000F382C /* FBAnnotationClusterView.swift in Sources */ = {isa = PBXBuildFile; fileRef = CDD5DDF91E40ADBF000F382C /* FBAnnotationClusterView.swift */; };
		CDD5DE051E40ADBF000F382C /* FBAnnotationClusterViewConfiguration.swift in Sources */ = {isa = PBXBuildFile; fileRef = CDD5DDFA1E40ADBF000F382C /* FBAnnotationClusterViewConfiguration.swift */; };
		CDD5DE061E40ADBF000F382C /* FBBoundingBox.swift in Sources */ = {isa = PBXBuildFile; fileRef = CDD5DDFB1E40ADBF000F382C /* FBBoundingBox.swift */; };
		CDD5DE071E40ADBF000F382C /* FBBoundingBox+MapKit.swift in Sources */ = {isa = PBXBuildFile; fileRef = CDD5DDFC1E40ADBF000F382C /* FBBoundingBox+MapKit.swift */; };
		CDD5DE081E40ADBF000F382C /* FBClusteringManager.swift in Sources */ = {isa = PBXBuildFile; fileRef = CDD5DDFD1E40ADBF000F382C /* FBClusteringManager.swift */; };
		CDD5DE091E40ADBF000F382C /* FBQuadTree.swift in Sources */ = {isa = PBXBuildFile; fileRef = CDD5DDFE1E40ADBF000F382C /* FBQuadTree.swift */; };
		CDD5DE0A1E40ADBF000F382C /* FBQuadTreeNode.swift in Sources */ = {isa = PBXBuildFile; fileRef = CDD5DDFF1E40ADBF000F382C /* FBQuadTreeNode.swift */; };
		CDD5DE0B1E40ADBF000F382C /* FBZoomLevel.swift in Sources */ = {isa = PBXBuildFile; fileRef = CDD5DE001E40ADBF000F382C /* FBZoomLevel.swift */; };
		CDDCB2AA1E53C51C00D86CE7 /* ExtendedNavController.swift in Sources */ = {isa = PBXBuildFile; fileRef = CDDCB2A91E53C51C00D86CE7 /* ExtendedNavController.swift */; };
		CDE1416C1E4E331B00D2528B /* CrimeCategory.swift in Sources */ = {isa = PBXBuildFile; fileRef = CDE1416B1E4E331B00D2528B /* CrimeCategory.swift */; };
		CDE1416F1E4E881900D2528B /* CustomHeaderCell.swift in Sources */ = {isa = PBXBuildFile; fileRef = CDE1416D1E4E881900D2528B /* CustomHeaderCell.swift */; };
		CDE141701E4E881900D2528B /* CustomHeaderCell.xib in Resources */ = {isa = PBXBuildFile; fileRef = CDE1416E1E4E881900D2528B /* CustomHeaderCell.xib */; };
		CDE1CCFC1E45D55900209A1B /* Categories.swift in Sources */ = {isa = PBXBuildFile; fileRef = CDE1CCFB1E45D55900209A1B /* Categories.swift */; };
		CDF6A0721E43636C00875B6E /* TouchContainer.swift in Sources */ = {isa = PBXBuildFile; fileRef = CDF6A0711E43636C00875B6E /* TouchContainer.swift */; };
		CDF6A0741E43979E00875B6E /* SetDateMenuController.swift in Sources */ = {isa = PBXBuildFile; fileRef = CDF6A0731E43979E00875B6E /* SetDateMenuController.swift */; };
		CDF6A0761E43AC7200875B6E /* Months.swift in Sources */ = {isa = PBXBuildFile; fileRef = CDF6A0751E43AC7200875B6E /* Months.swift */; };
		CDFAE6671E5C70100053B691 /* SettingsTableViewController.swift in Sources */ = {isa = PBXBuildFile; fileRef = CDFAE6661E5C70100053B691 /* SettingsTableViewController.swift */; };
		CDFC3E641E3396290065C9E2 /* DateController.swift in Sources */ = {isa = PBXBuildFile; fileRef = CDFC3E631E3396290065C9E2 /* DateController.swift */; };
		CDFC3E661E33AD530065C9E2 /* MonthYear.swift in Sources */ = {isa = PBXBuildFile; fileRef = CDFC3E651E33AD530065C9E2 /* MonthYear.swift */; };
		D5F139044ADA6C2A88BED4E1 /* Pods_StopAndSearch.framework in Frameworks */ = {isa = PBXBuildFile; fileRef = BE7D707924925F6F16864114 /* Pods_StopAndSearch.framework */; };
/* End PBXBuildFile section */

/* Begin PBXContainerItemProxy section */
		CD33D96F1E366BC100AB6E94 /* PBXContainerItemProxy */ = {
			isa = PBXContainerItemProxy;
			containerPortal = CD7FBC9A1E32AE1400DA40F1 /* Project object */;
			proxyType = 1;
			remoteGlobalIDString = CD7FBCA11E32AE1400DA40F1;
			remoteInfo = StopAndSearch;
		};
/* End PBXContainerItemProxy section */

/* Begin PBXFileReference section */
		7356764FCF51E447F27ADD22 /* Pods-StopAndSearch.debug.xcconfig */ = {isa = PBXFileReference; includeInIndex = 1; lastKnownFileType = text.xcconfig; name = "Pods-StopAndSearch.debug.xcconfig"; path = "Pods/Target Support Files/Pods-StopAndSearch/Pods-StopAndSearch.debug.xcconfig"; sourceTree = "<group>"; };
		BE7D707924925F6F16864114 /* Pods_StopAndSearch.framework */ = {isa = PBXFileReference; explicitFileType = wrapper.framework; includeInIndex = 0; path = Pods_StopAndSearch.framework; sourceTree = BUILT_PRODUCTS_DIR; };
		CD02F3921E34CF6200A5DD9C /* SearchResult.swift */ = {isa = PBXFileReference; fileEncoding = 4; lastKnownFileType = sourcecode.swift; path = SearchResult.swift; sourceTree = "<group>"; };
		CD04FEDC1E57306100832820 /* InitialisesExtendedNavBar.swift */ = {isa = PBXFileReference; fileEncoding = 4; lastKnownFileType = sourcecode.swift; path = InitialisesExtendedNavBar.swift; sourceTree = "<group>"; };
		CD251B031E3555F4004DACB7 /* Search.swift */ = {isa = PBXFileReference; fileEncoding = 4; lastKnownFileType = sourcecode.swift; path = Search.swift; sourceTree = "<group>"; };
		CD2743601E4CB81B00FC4C53 /* Loader.swift */ = {isa = PBXFileReference; fileEncoding = 4; lastKnownFileType = sourcecode.swift; path = Loader.swift; sourceTree = "<group>"; };
		CD28AF9D1E449F1E00663A36 /* ClusterInfoTableViewController.swift */ = {isa = PBXFileReference; fileEncoding = 4; lastKnownFileType = sourcecode.swift; path = ClusterInfoTableViewController.swift; sourceTree = "<group>"; };
		CD28AF9F1E450A1600663A36 /* ControlsTableViewController.swift */ = {isa = PBXFileReference; fileEncoding = 4; lastKnownFileType = sourcecode.swift; path = ControlsTableViewController.swift; sourceTree = "<group>"; };
		CD33D95A1E362C0700AB6E94 /* MapKit.framework */ = {isa = PBXFileReference; lastKnownFileType = wrapper.framework; name = MapKit.framework; path = System/Library/Frameworks/MapKit.framework; sourceTree = SDKROOT; };
		CD33D95C1E362C7100AB6E94 /* MapViewController.swift */ = {isa = PBXFileReference; fileEncoding = 4; lastKnownFileType = sourcecode.swift; name = MapViewController.swift; path = ../MapViewController.swift; sourceTree = "<group>"; };
		CD33D95E1E36405200AB6E94 /* MapAnnotation.swift */ = {isa = PBXFileReference; fileEncoding = 4; lastKnownFileType = sourcecode.swift; path = MapAnnotation.swift; sourceTree = "<group>"; };
		CD33D9641E3668E000AB6E94 /* DetailViewController.swift */ = {isa = PBXFileReference; fileEncoding = 4; lastKnownFileType = sourcecode.swift; path = DetailViewController.swift; sourceTree = "<group>"; };
		CD33D96A1E366BC100AB6E94 /* StopAndSearchTests.xctest */ = {isa = PBXFileReference; explicitFileType = wrapper.cfbundle; includeInIndex = 0; path = StopAndSearchTests.xctest; sourceTree = BUILT_PRODUCTS_DIR; };
		CD33D96E1E366BC100AB6E94 /* Info.plist */ = {isa = PBXFileReference; lastKnownFileType = text.plist.xml; path = Info.plist; sourceTree = "<group>"; };
		CD33D9741E36808400AB6E94 /* AddressTests.swift */ = {isa = PBXFileReference; fileEncoding = 4; lastKnownFileType = sourcecode.swift; path = AddressTests.swift; sourceTree = "<group>"; };
		CD568C7D1E32CF9300DB0B9C /* AddressController.swift */ = {isa = PBXFileReference; fileEncoding = 4; lastKnownFileType = sourcecode.swift; path = AddressController.swift; sourceTree = "<group>"; };
		CD568C7F1E32D1F600DB0B9C /* Address.swift */ = {isa = PBXFileReference; fileEncoding = 4; lastKnownFileType = sourcecode.swift; path = Address.swift; sourceTree = "<group>"; };
		CD5AD24E1E4F756900ED3226 /* ClusterInfoCell.swift */ = {isa = PBXFileReference; fileEncoding = 4; lastKnownFileType = sourcecode.swift; path = ClusterInfoCell.swift; sourceTree = "<group>"; };
		CD5AD2541E4F775700ED3226 /* ClusterInfoCell.xib */ = {isa = PBXFileReference; fileEncoding = 4; lastKnownFileType = file.xib; path = ClusterInfoCell.xib; sourceTree = "<group>"; };
		CD6729531E5B552200EEC959 /* PieViewController.swift */ = {isa = PBXFileReference; fileEncoding = 4; lastKnownFileType = sourcecode.swift; path = PieViewController.swift; sourceTree = "<group>"; };
		CD7007541E5F63D3000FFCFA /* LineGraphViewController.swift */ = {isa = PBXFileReference; fileEncoding = 4; lastKnownFileType = sourcecode.swift; path = LineGraphViewController.swift; sourceTree = "<group>"; };
		CD7007561E5F95F0000FFCFA /* RegionsTableViewController.swift */ = {isa = PBXFileReference; fileEncoding = 4; lastKnownFileType = sourcecode.swift; path = RegionsTableViewController.swift; sourceTree = "<group>"; };
		CD7F5A7B1E55A7ED0000A1DF /* SlideInPresentationController.swift */ = {isa = PBXFileReference; fileEncoding = 4; lastKnownFileType = sourcecode.swift; path = SlideInPresentationController.swift; sourceTree = "<group>"; };
		CD7F5A7D1E55A7FC0000A1DF /* SlideInPresentationManager.swift */ = {isa = PBXFileReference; fileEncoding = 4; lastKnownFileType = sourcecode.swift; path = SlideInPresentationManager.swift; sourceTree = "<group>"; };
		CD7F5A7F1E55A80B0000A1DF /* SlideInPresentationAnimator.swift */ = {isa = PBXFileReference; fileEncoding = 4; lastKnownFileType = sourcecode.swift; path = SlideInPresentationAnimator.swift; sourceTree = "<group>"; };
		CD7FBCA21E32AE1500DA40F1 /* StopAndSearch.app */ = {isa = PBXFileReference; explicitFileType = wrapper.application; includeInIndex = 0; path = StopAndSearch.app; sourceTree = BUILT_PRODUCTS_DIR; };
		CD7FBCA51E32AE1500DA40F1 /* AppDelegate.swift */ = {isa = PBXFileReference; lastKnownFileType = sourcecode.swift; path = AppDelegate.swift; sourceTree = "<group>"; };
		CD7FBCAC1E32AE1500DA40F1 /* Base */ = {isa = PBXFileReference; lastKnownFileType = file.storyboard; name = Base; path = Base.lproj/Main.storyboard; sourceTree = "<group>"; };
		CD7FBCAE1E32AE1500DA40F1 /* Assets.xcassets */ = {isa = PBXFileReference; lastKnownFileType = folder.assetcatalog; path = Assets.xcassets; sourceTree = "<group>"; };
		CD7FBCB11E32AE1500DA40F1 /* Base */ = {isa = PBXFileReference; lastKnownFileType = file.storyboard; name = Base; path = Base.lproj/LaunchScreen.storyboard; sourceTree = "<group>"; };
		CD7FBCB31E32AE1500DA40F1 /* Info.plist */ = {isa = PBXFileReference; lastKnownFileType = text.plist.xml; path = Info.plist; sourceTree = "<group>"; };
		CD7FC2C81E5236CF00B1B6C2 /* ContentCell.swift */ = {isa = PBXFileReference; fileEncoding = 4; lastKnownFileType = sourcecode.swift; path = ContentCell.swift; sourceTree = "<group>"; };
		CD7FC2CA1E523FA700B1B6C2 /* UIImage+Extensions.swift */ = {isa = PBXFileReference; fileEncoding = 4; lastKnownFileType = sourcecode.swift; path = "UIImage+Extensions.swift"; sourceTree = "<group>"; };
		CD7FC2CC1E5245E100B1B6C2 /* CoordCell.swift */ = {isa = PBXFileReference; fileEncoding = 4; lastKnownFileType = sourcecode.swift; path = CoordCell.swift; sourceTree = "<group>"; };
		CD8A24D21E4CD91B00244A56 /* CategoryCell.xib */ = {isa = PBXFileReference; fileEncoding = 4; lastKnownFileType = file.xib; path = CategoryCell.xib; sourceTree = "<group>"; };
		CD8A24D41E4CEC2B00244A56 /* CategoryCell.swift */ = {isa = PBXFileReference; fileEncoding = 4; lastKnownFileType = sourcecode.swift; path = CategoryCell.swift; sourceTree = "<group>"; };
		CD8CDA0F1E5A188800F8EAD2 /* GraphsTabBarController.swift */ = {isa = PBXFileReference; fileEncoding = 4; lastKnownFileType = sourcecode.swift; path = GraphsTabBarController.swift; sourceTree = "<group>"; };
		CD95F9731E60D625003BB956 /* NCoords.swift */ = {isa = PBXFileReference; fileEncoding = 4; lastKnownFileType = sourcecode.swift; path = NCoords.swift; sourceTree = "<group>"; };
		CDA149741E60580C002F1003 /* ForceResult.swift */ = {isa = PBXFileReference; fileEncoding = 4; lastKnownFileType = sourcecode.swift; path = ForceResult.swift; sourceTree = "<group>"; };
		CDA149771E606861002F1003 /* NeighbourhoodTableViewController.swift */ = {isa = PBXFileReference; fileEncoding = 4; lastKnownFileType = sourcecode.swift; path = NeighbourhoodTableViewController.swift; sourceTree = "<group>"; };
		CDA2A6421E58D15A0028F2D7 /* BarGraphViewController.swift */ = {isa = PBXFileReference; fileEncoding = 4; lastKnownFileType = sourcecode.swift; path = BarGraphViewController.swift; sourceTree = "<group>"; };
		CDBB86EE1E54684800902267 /* OverlayBar.xib */ = {isa = PBXFileReference; fileEncoding = 4; lastKnownFileType = file.xib; path = OverlayBar.xib; sourceTree = "<group>"; };
		CDBB86F01E5469CA00902267 /* OverlayBar.swift */ = {isa = PBXFileReference; fileEncoding = 4; lastKnownFileType = sourcecode.swift; path = OverlayBar.swift; sourceTree = "<group>"; };
		CDC7F6A01E50ED45002F337B /* CoordinateCell.swift */ = {isa = PBXFileReference; fileEncoding = 4; lastKnownFileType = sourcecode.swift; path = CoordinateCell.swift; sourceTree = "<group>"; };
		CDC7F6A21E51177B002F337B /* CrimeDetail.xib */ = {isa = PBXFileReference; fileEncoding = 4; lastKnownFileType = file.xib; path = CrimeDetail.xib; sourceTree = "<group>"; };
		CDC7F6A41E5123CB002F337B /* CrimeDetail.swift */ = {isa = PBXFileReference; fileEncoding = 4; lastKnownFileType = sourcecode.swift; path = CrimeDetail.swift; sourceTree = "<group>"; };
		CDD5DDF61E40ADBF000F382C /* FBAnnotation.swift */ = {isa = PBXFileReference; fileEncoding = 4; lastKnownFileType = sourcecode.swift; path = FBAnnotation.swift; sourceTree = "<group>"; };
		CDD5DDF71E40ADBF000F382C /* FBAnnotationCluster.swift */ = {isa = PBXFileReference; fileEncoding = 4; lastKnownFileType = sourcecode.swift; path = FBAnnotationCluster.swift; sourceTree = "<group>"; };
		CDD5DDF81E40ADBF000F382C /* FBAnnotationClusterTemplate.swift */ = {isa = PBXFileReference; fileEncoding = 4; lastKnownFileType = sourcecode.swift; path = FBAnnotationClusterTemplate.swift; sourceTree = "<group>"; };
		CDD5DDF91E40ADBF000F382C /* FBAnnotationClusterView.swift */ = {isa = PBXFileReference; fileEncoding = 4; lastKnownFileType = sourcecode.swift; path = FBAnnotationClusterView.swift; sourceTree = "<group>"; };
		CDD5DDFA1E40ADBF000F382C /* FBAnnotationClusterViewConfiguration.swift */ = {isa = PBXFileReference; fileEncoding = 4; lastKnownFileType = sourcecode.swift; path = FBAnnotationClusterViewConfiguration.swift; sourceTree = "<group>"; };
		CDD5DDFB1E40ADBF000F382C /* FBBoundingBox.swift */ = {isa = PBXFileReference; fileEncoding = 4; lastKnownFileType = sourcecode.swift; path = FBBoundingBox.swift; sourceTree = "<group>"; };
		CDD5DDFC1E40ADBF000F382C /* FBBoundingBox+MapKit.swift */ = {isa = PBXFileReference; fileEncoding = 4; lastKnownFileType = sourcecode.swift; path = "FBBoundingBox+MapKit.swift"; sourceTree = "<group>"; };
		CDD5DDFD1E40ADBF000F382C /* FBClusteringManager.swift */ = {isa = PBXFileReference; fileEncoding = 4; lastKnownFileType = sourcecode.swift; path = FBClusteringManager.swift; sourceTree = "<group>"; };
		CDD5DDFE1E40ADBF000F382C /* FBQuadTree.swift */ = {isa = PBXFileReference; fileEncoding = 4; lastKnownFileType = sourcecode.swift; path = FBQuadTree.swift; sourceTree = "<group>"; };
		CDD5DDFF1E40ADBF000F382C /* FBQuadTreeNode.swift */ = {isa = PBXFileReference; fileEncoding = 4; lastKnownFileType = sourcecode.swift; path = FBQuadTreeNode.swift; sourceTree = "<group>"; };
		CDD5DE001E40ADBF000F382C /* FBZoomLevel.swift */ = {isa = PBXFileReference; fileEncoding = 4; lastKnownFileType = sourcecode.swift; path = FBZoomLevel.swift; sourceTree = "<group>"; };
		CDDCB2A91E53C51C00D86CE7 /* ExtendedNavController.swift */ = {isa = PBXFileReference; fileEncoding = 4; lastKnownFileType = sourcecode.swift; path = ExtendedNavController.swift; sourceTree = "<group>"; };
		CDE1416B1E4E331B00D2528B /* CrimeCategory.swift */ = {isa = PBXFileReference; fileEncoding = 4; lastKnownFileType = sourcecode.swift; path = CrimeCategory.swift; sourceTree = "<group>"; };
		CDE1416D1E4E881900D2528B /* CustomHeaderCell.swift */ = {isa = PBXFileReference; fileEncoding = 4; lastKnownFileType = sourcecode.swift; path = CustomHeaderCell.swift; sourceTree = "<group>"; };
		CDE1416E1E4E881900D2528B /* CustomHeaderCell.xib */ = {isa = PBXFileReference; fileEncoding = 4; lastKnownFileType = file.xib; path = CustomHeaderCell.xib; sourceTree = "<group>"; };
		CDE1CCFB1E45D55900209A1B /* Categories.swift */ = {isa = PBXFileReference; fileEncoding = 4; lastKnownFileType = sourcecode.swift; path = Categories.swift; sourceTree = "<group>"; };
		CDF6A0711E43636C00875B6E /* TouchContainer.swift */ = {isa = PBXFileReference; fileEncoding = 4; lastKnownFileType = sourcecode.swift; path = TouchContainer.swift; sourceTree = "<group>"; };
		CDF6A0731E43979E00875B6E /* SetDateMenuController.swift */ = {isa = PBXFileReference; fileEncoding = 4; lastKnownFileType = sourcecode.swift; path = SetDateMenuController.swift; sourceTree = "<group>"; };
		CDF6A0751E43AC7200875B6E /* Months.swift */ = {isa = PBXFileReference; fileEncoding = 4; lastKnownFileType = sourcecode.swift; path = Months.swift; sourceTree = "<group>"; };
		CDFAE6661E5C70100053B691 /* SettingsTableViewController.swift */ = {isa = PBXFileReference; fileEncoding = 4; lastKnownFileType = sourcecode.swift; path = SettingsTableViewController.swift; sourceTree = "<group>"; };
		CDFC3E631E3396290065C9E2 /* DateController.swift */ = {isa = PBXFileReference; fileEncoding = 4; lastKnownFileType = sourcecode.swift; path = DateController.swift; sourceTree = "<group>"; };
		CDFC3E651E33AD530065C9E2 /* MonthYear.swift */ = {isa = PBXFileReference; fileEncoding = 4; lastKnownFileType = sourcecode.swift; path = MonthYear.swift; sourceTree = "<group>"; };
		F9E2F30CB29004A374E4F4EF /* Pods-StopAndSearch.release.xcconfig */ = {isa = PBXFileReference; includeInIndex = 1; lastKnownFileType = text.xcconfig; name = "Pods-StopAndSearch.release.xcconfig"; path = "Pods/Target Support Files/Pods-StopAndSearch/Pods-StopAndSearch.release.xcconfig"; sourceTree = "<group>"; };
/* End PBXFileReference section */

/* Begin PBXFrameworksBuildPhase section */
		CD33D9671E366BC100AB6E94 /* Frameworks */ = {
			isa = PBXFrameworksBuildPhase;
			buildActionMask = 2147483647;
			files = (
			);
			runOnlyForDeploymentPostprocessing = 0;
		};
		CD7FBC9F1E32AE1400DA40F1 /* Frameworks */ = {
			isa = PBXFrameworksBuildPhase;
			buildActionMask = 2147483647;
			files = (
				CD33D95B1E362C0700AB6E94 /* MapKit.framework in Frameworks */,
				D5F139044ADA6C2A88BED4E1 /* Pods_StopAndSearch.framework in Frameworks */,
			);
			runOnlyForDeploymentPostprocessing = 0;
		};
/* End PBXFrameworksBuildPhase section */

/* Begin PBXGroup section */
		CD33D96B1E366BC100AB6E94 /* StopAndSearchTests */ = {
			isa = PBXGroup;
			children = (
				CD33D96E1E366BC100AB6E94 /* Info.plist */,
				CD33D9741E36808400AB6E94 /* AddressTests.swift */,
			);
			path = StopAndSearchTests;
			sourceTree = "<group>";
		};
		CD71A8571E549270004A4132 /* ViewControllers */ = {
			isa = PBXGroup;
			children = (
				CD7007541E5F63D3000FFCFA /* LineGraphViewController.swift */,
				CD6729531E5B552200EEC959 /* PieViewController.swift */,
				CD8CDA0F1E5A188800F8EAD2 /* GraphsTabBarController.swift */,
				CDA2A6421E58D15A0028F2D7 /* BarGraphViewController.swift */,
				CDDCB2A91E53C51C00D86CE7 /* ExtendedNavController.swift */,
				CDDCB2A51E53650B00D86CE7 /* TableViewControllers */,
				CD33D95C1E362C7100AB6E94 /* MapViewController.swift */,
				CDFC3E631E3396290065C9E2 /* DateController.swift */,
			);
			name = ViewControllers;
			sourceTree = "<group>";
		};
		CD7F5A7A1E55A7CE0000A1DF /* Presentation */ = {
			isa = PBXGroup;
			children = (
				CD7F5A7D1E55A7FC0000A1DF /* SlideInPresentationManager.swift */,
				CD7F5A7B1E55A7ED0000A1DF /* SlideInPresentationController.swift */,
				CD7F5A7F1E55A80B0000A1DF /* SlideInPresentationAnimator.swift */,
			);
			name = Presentation;
			sourceTree = "<group>";
		};
		CD7FBC991E32AE1400DA40F1 = {
			isa = PBXGroup;
			children = (
				CD7FBCA41E32AE1500DA40F1 /* StopAndSearch */,
				CD33D96B1E366BC100AB6E94 /* StopAndSearchTests */,
				CD7FBCA31E32AE1500DA40F1 /* Products */,
				DA2C11151DF7CF9B9AE59AA8 /* Pods */,
				E6E409BAD6CDFC0367EC2C1E /* Frameworks */,
			);
			sourceTree = "<group>";
		};
		CD7FBCA31E32AE1500DA40F1 /* Products */ = {
			isa = PBXGroup;
			children = (
				CD7FBCA21E32AE1500DA40F1 /* StopAndSearch.app */,
				CD33D96A1E366BC100AB6E94 /* StopAndSearchTests.xctest */,
			);
			name = Products;
			sourceTree = "<group>";
		};
		CD7FBCA41E32AE1500DA40F1 /* StopAndSearch */ = {
			isa = PBXGroup;
			children = (
				CD04FEDC1E57306100832820 /* InitialisesExtendedNavBar.swift */,
				CDDCB2A61E53BC9400D86CE7 /* Extensions */,
				CD71A8571E549270004A4132 /* ViewControllers */,
				CD2743601E4CB81B00FC4C53 /* Loader.swift */,
				CDF6A0731E43979E00875B6E /* SetDateMenuController.swift */,
				CDC7F69B1E50CFC1002F337B /* cells */,
				CDE1CCFB1E45D55900209A1B /* Categories.swift */,
				CDE1416B1E4E331B00D2528B /* CrimeCategory.swift */,
				CDF6A0711E43636C00875B6E /* TouchContainer.swift */,
				CD7F5A7A1E55A7CE0000A1DF /* Presentation */,
				CDA149761E60582A002F1003 /* Search */,
				CD7FBCA51E32AE1500DA40F1 /* AppDelegate.swift */,
				CD7FBCAB1E32AE1500DA40F1 /* Main.storyboard */,
				CDC7F69A1E50CF9D002F337B /* xibs */,
				CDF6A0751E43AC7200875B6E /* Months.swift */,
				CDD5DE0C1E40ADC9000F382C /* FBClustering */,
				CD33D95E1E36405200AB6E94 /* MapAnnotation.swift */,
				CDFC3E651E33AD530065C9E2 /* MonthYear.swift */,
				CD568C7F1E32D1F600DB0B9C /* Address.swift */,
				CD568C7D1E32CF9300DB0B9C /* AddressController.swift */,
				CD7FBCAE1E32AE1500DA40F1 /* Assets.xcassets */,
				CD7FBCB01E32AE1500DA40F1 /* LaunchScreen.storyboard */,
				CD7FBCB31E32AE1500DA40F1 /* Info.plist */,
			);
			path = StopAndSearch;
			sourceTree = "<group>";
		};
		CDA149761E60582A002F1003 /* Search */ = {
			isa = PBXGroup;
			children = (
				CD95F9731E60D625003BB956 /* NCoords.swift */,
				CD251B031E3555F4004DACB7 /* Search.swift */,
				CDA149741E60580C002F1003 /* ForceResult.swift */,
				CD02F3921E34CF6200A5DD9C /* SearchResult.swift */,
			);
			name = Search;
			sourceTree = "<group>";
		};
		CDC7F69A1E50CF9D002F337B /* xibs */ = {
			isa = PBXGroup;
			children = (
				CDBB86EE1E54684800902267 /* OverlayBar.xib */,
				CD8A24D21E4CD91B00244A56 /* CategoryCell.xib */,
				CD5AD2541E4F775700ED3226 /* ClusterInfoCell.xib */,
				CDC7F6A21E51177B002F337B /* CrimeDetail.xib */,
				CDE1416E1E4E881900D2528B /* CustomHeaderCell.xib */,
			);
			name = xibs;
			sourceTree = "<group>";
		};
		CDC7F69B1E50CFC1002F337B /* cells */ = {
			isa = PBXGroup;
			children = (
				CDBB86F01E5469CA00902267 /* OverlayBar.swift */,
				CD7FC2C81E5236CF00B1B6C2 /* ContentCell.swift */,
				CDC7F6A01E50ED45002F337B /* CoordinateCell.swift */,
				CD8A24D41E4CEC2B00244A56 /* CategoryCell.swift */,
				CDC7F6A41E5123CB002F337B /* CrimeDetail.swift */,
				CD5AD24E1E4F756900ED3226 /* ClusterInfoCell.swift */,
				CD7FC2CC1E5245E100B1B6C2 /* CoordCell.swift */,
				CDE1416D1E4E881900D2528B /* CustomHeaderCell.swift */,
			);
			name = cells;
			sourceTree = "<group>";
		};
		CDD5DE0C1E40ADC9000F382C /* FBClustering */ = {
			isa = PBXGroup;
			children = (
				CDD5DDF61E40ADBF000F382C /* FBAnnotation.swift */,
				CDD5DDF71E40ADBF000F382C /* FBAnnotationCluster.swift */,
				CDD5DDF81E40ADBF000F382C /* FBAnnotationClusterTemplate.swift */,
				CDD5DDF91E40ADBF000F382C /* FBAnnotationClusterView.swift */,
				CDD5DDFA1E40ADBF000F382C /* FBAnnotationClusterViewConfiguration.swift */,
				CDD5DDFB1E40ADBF000F382C /* FBBoundingBox.swift */,
				CDD5DDFC1E40ADBF000F382C /* FBBoundingBox+MapKit.swift */,
				CDD5DDFD1E40ADBF000F382C /* FBClusteringManager.swift */,
				CDD5DDFE1E40ADBF000F382C /* FBQuadTree.swift */,
				CDD5DDFF1E40ADBF000F382C /* FBQuadTreeNode.swift */,
				CDD5DE001E40ADBF000F382C /* FBZoomLevel.swift */,
			);
			name = FBClustering;
			sourceTree = "<group>";
		};
		CDDCB2A51E53650B00D86CE7 /* TableViewControllers */ = {
			isa = PBXGroup;
			children = (
				CD7007561E5F95F0000FFCFA /* RegionsTableViewController.swift */,
				CDA149771E606861002F1003 /* NeighbourhoodTableViewController.swift */,
				CDFAE6661E5C70100053B691 /* SettingsTableViewController.swift */,
				CD33D9641E3668E000AB6E94 /* DetailViewController.swift */,
				CD28AF9F1E450A1600663A36 /* ControlsTableViewController.swift */,
				CD28AF9D1E449F1E00663A36 /* ClusterInfoTableViewController.swift */,
			);
			name = TableViewControllers;
			sourceTree = "<group>";
		};
		CDDCB2A61E53BC9400D86CE7 /* Extensions */ = {
			isa = PBXGroup;
			children = (
				CD7FC2CA1E523FA700B1B6C2 /* UIImage+Extensions.swift */,
			);
			name = Extensions;
			sourceTree = "<group>";
		};
		DA2C11151DF7CF9B9AE59AA8 /* Pods */ = {
			isa = PBXGroup;
			children = (
				7356764FCF51E447F27ADD22 /* Pods-StopAndSearch.debug.xcconfig */,
				F9E2F30CB29004A374E4F4EF /* Pods-StopAndSearch.release.xcconfig */,
			);
			name = Pods;
			sourceTree = "<group>";
		};
		E6E409BAD6CDFC0367EC2C1E /* Frameworks */ = {
			isa = PBXGroup;
			children = (
				CD33D95A1E362C0700AB6E94 /* MapKit.framework */,
				BE7D707924925F6F16864114 /* Pods_StopAndSearch.framework */,
			);
			name = Frameworks;
			sourceTree = "<group>";
		};
/* End PBXGroup section */

/* Begin PBXNativeTarget section */
		CD33D9691E366BC100AB6E94 /* StopAndSearchTests */ = {
			isa = PBXNativeTarget;
			buildConfigurationList = CD33D9711E366BC100AB6E94 /* Build configuration list for PBXNativeTarget "StopAndSearchTests" */;
			buildPhases = (
				CD33D9661E366BC100AB6E94 /* Sources */,
				CD33D9671E366BC100AB6E94 /* Frameworks */,
				CD33D9681E366BC100AB6E94 /* Resources */,
			);
			buildRules = (
			);
			dependencies = (
				CD33D9701E366BC100AB6E94 /* PBXTargetDependency */,
			);
			name = StopAndSearchTests;
			productName = StopAndSearchTests;
			productReference = CD33D96A1E366BC100AB6E94 /* StopAndSearchTests.xctest */;
			productType = "com.apple.product-type.bundle.unit-test";
		};
		CD7FBCA11E32AE1400DA40F1 /* StopAndSearch */ = {
			isa = PBXNativeTarget;
			buildConfigurationList = CD7FBCB61E32AE1500DA40F1 /* Build configuration list for PBXNativeTarget "StopAndSearch" */;
			buildPhases = (
				EF7C90AC003D3AC9035ABA29 /* [CP] Check Pods Manifest.lock */,
				CD7FBC9E1E32AE1400DA40F1 /* Sources */,
				CD7FBC9F1E32AE1400DA40F1 /* Frameworks */,
				CD7FBCA01E32AE1400DA40F1 /* Resources */,
				1EC9A7B4151D848FDC56B8C4 /* [CP] Embed Pods Frameworks */,
				5908A245FA73DECDC17B46D0 /* [CP] Copy Pods Resources */,
			);
			buildRules = (
			);
			dependencies = (
			);
			name = StopAndSearch;
			productName = StopAndSearch;
			productReference = CD7FBCA21E32AE1500DA40F1 /* StopAndSearch.app */;
			productType = "com.apple.product-type.application";
		};
/* End PBXNativeTarget section */

/* Begin PBXProject section */
		CD7FBC9A1E32AE1400DA40F1 /* Project object */ = {
			isa = PBXProject;
			attributes = {
				LastSwiftUpdateCheck = 0820;
				LastUpgradeCheck = 0820;
				ORGANIZATIONNAME = edit;
				TargetAttributes = {
					CD33D9691E366BC100AB6E94 = {
						CreatedOnToolsVersion = 8.2.1;
						DevelopmentTeam = 9793MLEXL9;
						LastSwiftMigration = 0820;
						ProvisioningStyle = Automatic;
						TestTargetID = CD7FBCA11E32AE1400DA40F1;
					};
					CD7FBCA11E32AE1400DA40F1 = {
						CreatedOnToolsVersion = 8.2.1;
						DevelopmentTeam = 9793MLEXL9;
						ProvisioningStyle = Automatic;
						SystemCapabilities = {
							com.apple.Maps.iOS = {
								enabled = 1;
							};
						};
					};
				};
			};
			buildConfigurationList = CD7FBC9D1E32AE1400DA40F1 /* Build configuration list for PBXProject "StopAndSearch" */;
			compatibilityVersion = "Xcode 3.2";
			developmentRegion = English;
			hasScannedForEncodings = 0;
			knownRegions = (
				en,
				Base,
			);
			mainGroup = CD7FBC991E32AE1400DA40F1;
			productRefGroup = CD7FBCA31E32AE1500DA40F1 /* Products */;
			projectDirPath = "";
			projectRoot = "";
			targets = (
				CD7FBCA11E32AE1400DA40F1 /* StopAndSearch */,
				CD33D9691E366BC100AB6E94 /* StopAndSearchTests */,
			);
		};
/* End PBXProject section */

/* Begin PBXResourcesBuildPhase section */
		CD33D9681E366BC100AB6E94 /* Resources */ = {
			isa = PBXResourcesBuildPhase;
			buildActionMask = 2147483647;
			files = (
			);
			runOnlyForDeploymentPostprocessing = 0;
		};
		CD7FBCA01E32AE1400DA40F1 /* Resources */ = {
			isa = PBXResourcesBuildPhase;
			buildActionMask = 2147483647;
			files = (
				CD5AD2551E4F775700ED3226 /* ClusterInfoCell.xib in Resources */,
				CD7FBCB21E32AE1500DA40F1 /* LaunchScreen.storyboard in Resources */,
				CDC7F6A31E51177B002F337B /* CrimeDetail.xib in Resources */,
				CD7FBCAF1E32AE1500DA40F1 /* Assets.xcassets in Resources */,
				CD7FBCAD1E32AE1500DA40F1 /* Main.storyboard in Resources */,
				CDE141701E4E881900D2528B /* CustomHeaderCell.xib in Resources */,
				CDBB86EF1E54684800902267 /* OverlayBar.xib in Resources */,
				CD8A24D31E4CD91B00244A56 /* CategoryCell.xib in Resources */,
			);
			runOnlyForDeploymentPostprocessing = 0;
		};
/* End PBXResourcesBuildPhase section */

/* Begin PBXShellScriptBuildPhase section */
		1EC9A7B4151D848FDC56B8C4 /* [CP] Embed Pods Frameworks */ = {
			isa = PBXShellScriptBuildPhase;
			buildActionMask = 2147483647;
			files = (
			);
			inputPaths = (
			);
			name = "[CP] Embed Pods Frameworks";
			outputPaths = (
			);
			runOnlyForDeploymentPostprocessing = 0;
			shellPath = /bin/sh;
			shellScript = "\"${SRCROOT}/Pods/Target Support Files/Pods-StopAndSearch/Pods-StopAndSearch-frameworks.sh\"\n";
			showEnvVarsInLog = 0;
		};
		5908A245FA73DECDC17B46D0 /* [CP] Copy Pods Resources */ = {
			isa = PBXShellScriptBuildPhase;
			buildActionMask = 2147483647;
			files = (
			);
			inputPaths = (
			);
			name = "[CP] Copy Pods Resources";
			outputPaths = (
			);
			runOnlyForDeploymentPostprocessing = 0;
			shellPath = /bin/sh;
			shellScript = "\"${SRCROOT}/Pods/Target Support Files/Pods-StopAndSearch/Pods-StopAndSearch-resources.sh\"\n";
			showEnvVarsInLog = 0;
		};
		EF7C90AC003D3AC9035ABA29 /* [CP] Check Pods Manifest.lock */ = {
			isa = PBXShellScriptBuildPhase;
			buildActionMask = 2147483647;
			files = (
			);
			inputPaths = (
			);
			name = "[CP] Check Pods Manifest.lock";
			outputPaths = (
			);
			runOnlyForDeploymentPostprocessing = 0;
			shellPath = /bin/sh;
			shellScript = "diff \"${PODS_ROOT}/../Podfile.lock\" \"${PODS_ROOT}/Manifest.lock\" > /dev/null\nif [ $? != 0 ] ; then\n    # print error to STDERR\n    echo \"error: The sandbox is not in sync with the Podfile.lock. Run 'pod install' or update your CocoaPods installation.\" >&2\n    exit 1\nfi\n";
			showEnvVarsInLog = 0;
		};
/* End PBXShellScriptBuildPhase section */

/* Begin PBXSourcesBuildPhase section */
		CD33D9661E366BC100AB6E94 /* Sources */ = {
			isa = PBXSourcesBuildPhase;
			buildActionMask = 2147483647;
			files = (
				CD33D9751E36808400AB6E94 /* AddressTests.swift in Sources */,
			);
			runOnlyForDeploymentPostprocessing = 0;
		};
		CD7FBC9E1E32AE1400DA40F1 /* Sources */ = {
			isa = PBXSourcesBuildPhase;
			buildActionMask = 2147483647;
			files = (
				CDDCB2AA1E53C51C00D86CE7 /* ExtendedNavController.swift in Sources */,
				CDD5DE071E40ADBF000F382C /* FBBoundingBox+MapKit.swift in Sources */,
				CD28AF9E1E449F1E00663A36 /* ClusterInfoTableViewController.swift in Sources */,
				CDD5DE011E40ADBF000F382C /* FBAnnotation.swift in Sources */,
				CD33D95D1E362C7100AB6E94 /* MapViewController.swift in Sources */,
				CDA2A6431E58D15A0028F2D7 /* BarGraphViewController.swift in Sources */,
				CD568C7E1E32CF9300DB0B9C /* AddressController.swift in Sources */,
				CDE1CCFC1E45D55900209A1B /* Categories.swift in Sources */,
				CD7F5A801E55A80B0000A1DF /* SlideInPresentationAnimator.swift in Sources */,
				CDD5DE0B1E40ADBF000F382C /* FBZoomLevel.swift in Sources */,
				CDF6A0721E43636C00875B6E /* TouchContainer.swift in Sources */,
				CDBB86F11E5469CA00902267 /* OverlayBar.swift in Sources */,
				CDF6A0741E43979E00875B6E /* SetDateMenuController.swift in Sources */,
				CDC7F6A51E5123CB002F337B /* CrimeDetail.swift in Sources */,
				CD8CDA101E5A188800F8EAD2 /* GraphsTabBarController.swift in Sources */,
				CDC7F6A11E50ED45002F337B /* CoordinateCell.swift in Sources */,
				CDE1416F1E4E881900D2528B /* CustomHeaderCell.swift in Sources */,
				CD7007551E5F63D3000FFCFA /* LineGraphViewController.swift in Sources */,
				CDD5DE021E40ADBF000F382C /* FBAnnotationCluster.swift in Sources */,
				CD04FEDD1E57306100832820 /* InitialisesExtendedNavBar.swift in Sources */,
				CD02F3931E34CF6200A5DD9C /* SearchResult.swift in Sources */,
				CD33D9651E3668E000AB6E94 /* DetailViewController.swift in Sources */,
				CD7FC2CB1E523FA700B1B6C2 /* UIImage+Extensions.swift in Sources */,
				CD28AFA01E450A1600663A36 /* ControlsTableViewController.swift in Sources */,
				CDD5DE051E40ADBF000F382C /* FBAnnotationClusterViewConfiguration.swift in Sources */,
				CDFC3E661E33AD530065C9E2 /* MonthYear.swift in Sources */,
				CD7F5A7E1E55A7FC0000A1DF /* SlideInPresentationManager.swift in Sources */,
				CD33D95F1E36405200AB6E94 /* MapAnnotation.swift in Sources */,
				CDE1416C1E4E331B00D2528B /* CrimeCategory.swift in Sources */,
				CD8A24D51E4CEC2B00244A56 /* CategoryCell.swift in Sources */,
				CDD5DE041E40ADBF000F382C /* FBAnnotationClusterView.swift in Sources */,
				CDA149781E606861002F1003 /* NeighbourhoodTableViewController.swift in Sources */,
				CD95F9741E60D625003BB956 /* NCoords.swift in Sources */,
				CD7FC2C91E5236CF00B1B6C2 /* ContentCell.swift in Sources */,
				CDFC3E641E3396290065C9E2 /* DateController.swift in Sources */,
				CD7FBCA61E32AE1500DA40F1 /* AppDelegate.swift in Sources */,
				CD6729541E5B552200EEC959 /* PieViewController.swift in Sources */,
				CDD5DE0A1E40ADBF000F382C /* FBQuadTreeNode.swift in Sources */,
				CDD5DE061E40ADBF000F382C /* FBBoundingBox.swift in Sources */,
				CDD5DE081E40ADBF000F382C /* FBClusteringManager.swift in Sources */,
				CDD5DE031E40ADBF000F382C /* FBAnnotationClusterTemplate.swift in Sources */,
				CDD5DE091E40ADBF000F382C /* FBQuadTree.swift in Sources */,
				CD251B041E3555F4004DACB7 /* Search.swift in Sources */,
				CD7FC2CD1E5245E100B1B6C2 /* CoordCell.swift in Sources */,
				CDF6A0761E43AC7200875B6E /* Months.swift in Sources */,
				CD2743611E4CB81B00FC4C53 /* Loader.swift in Sources */,
				CDFAE6671E5C70100053B691 /* SettingsTableViewController.swift in Sources */,
				CD5AD2501E4F756900ED3226 /* ClusterInfoCell.swift in Sources */,
				CDA149751E60580C002F1003 /* ForceResult.swift in Sources */,
				CD7007571E5F95F0000FFCFA /* RegionsTableViewController.swift in Sources */,
				CD7F5A7C1E55A7ED0000A1DF /* SlideInPresentationController.swift in Sources */,
				CD568C801E32D1F600DB0B9C /* Address.swift in Sources */,
			);
			runOnlyForDeploymentPostprocessing = 0;
		};
/* End PBXSourcesBuildPhase section */

/* Begin PBXTargetDependency section */
		CD33D9701E366BC100AB6E94 /* PBXTargetDependency */ = {
			isa = PBXTargetDependency;
			target = CD7FBCA11E32AE1400DA40F1 /* StopAndSearch */;
			targetProxy = CD33D96F1E366BC100AB6E94 /* PBXContainerItemProxy */;
		};
/* End PBXTargetDependency section */

/* Begin PBXVariantGroup section */
		CD7FBCAB1E32AE1500DA40F1 /* Main.storyboard */ = {
			isa = PBXVariantGroup;
			children = (
				CD7FBCAC1E32AE1500DA40F1 /* Base */,
			);
			name = Main.storyboard;
			sourceTree = "<group>";
		};
		CD7FBCB01E32AE1500DA40F1 /* LaunchScreen.storyboard */ = {
			isa = PBXVariantGroup;
			children = (
				CD7FBCB11E32AE1500DA40F1 /* Base */,
			);
			name = LaunchScreen.storyboard;
			sourceTree = "<group>";
		};
/* End PBXVariantGroup section */

/* Begin XCBuildConfiguration section */
		CD33D9721E366BC100AB6E94 /* Debug */ = {
			isa = XCBuildConfiguration;
			buildSettings = {
				BUNDLE_LOADER = "$(TEST_HOST)";
				CLANG_ENABLE_MODULES = YES;
				DEVELOPMENT_TEAM = 9793MLEXL9;
				INFOPLIST_FILE = StopAndSearchTests/Info.plist;
				LD_RUNPATH_SEARCH_PATHS = "$(inherited) @executable_path/Frameworks @loader_path/Frameworks";
				PRODUCT_BUNDLE_IDENTIFIER = com.samwoolf.StopAndSearchTests;
				PRODUCT_NAME = "$(TARGET_NAME)";
				SWIFT_OPTIMIZATION_LEVEL = "-Onone";
				SWIFT_VERSION = 3.0;
				TEST_HOST = "$(BUILT_PRODUCTS_DIR)/StopAndSearch.app/StopAndSearch";
			};
			name = Debug;
		};
		CD33D9731E366BC100AB6E94 /* Release */ = {
			isa = XCBuildConfiguration;
			buildSettings = {
				BUNDLE_LOADER = "$(TEST_HOST)";
				CLANG_ENABLE_MODULES = YES;
				DEVELOPMENT_TEAM = 9793MLEXL9;
				INFOPLIST_FILE = StopAndSearchTests/Info.plist;
				LD_RUNPATH_SEARCH_PATHS = "$(inherited) @executable_path/Frameworks @loader_path/Frameworks";
				PRODUCT_BUNDLE_IDENTIFIER = com.samwoolf.StopAndSearchTests;
				PRODUCT_NAME = "$(TARGET_NAME)";
				SWIFT_VERSION = 3.0;
				TEST_HOST = "$(BUILT_PRODUCTS_DIR)/StopAndSearch.app/StopAndSearch";
			};
			name = Release;
		};
		CD7FBCB41E32AE1500DA40F1 /* Debug */ = {
			isa = XCBuildConfiguration;
			buildSettings = {
				ALWAYS_SEARCH_USER_PATHS = NO;
				CLANG_ANALYZER_NONNULL = YES;
				CLANG_CXX_LANGUAGE_STANDARD = "gnu++0x";
				CLANG_CXX_LIBRARY = "libc++";
				CLANG_ENABLE_MODULES = YES;
				CLANG_ENABLE_OBJC_ARC = YES;
				CLANG_WARN_BOOL_CONVERSION = YES;
				CLANG_WARN_CONSTANT_CONVERSION = YES;
				CLANG_WARN_DIRECT_OBJC_ISA_USAGE = YES_ERROR;
				CLANG_WARN_DOCUMENTATION_COMMENTS = YES;
				CLANG_WARN_EMPTY_BODY = YES;
				CLANG_WARN_ENUM_CONVERSION = YES;
				CLANG_WARN_INFINITE_RECURSION = YES;
				CLANG_WARN_INT_CONVERSION = YES;
				CLANG_WARN_OBJC_ROOT_CLASS = YES_ERROR;
				CLANG_WARN_SUSPICIOUS_MOVE = YES;
				CLANG_WARN_UNREACHABLE_CODE = YES;
				CLANG_WARN__DUPLICATE_METHOD_MATCH = YES;
				"CODE_SIGN_IDENTITY[sdk=iphoneos*]" = "iPhone Developer";
				COPY_PHASE_STRIP = NO;
				DEBUG_INFORMATION_FORMAT = dwarf;
				ENABLE_STRICT_OBJC_MSGSEND = YES;
				ENABLE_TESTABILITY = YES;
				GCC_C_LANGUAGE_STANDARD = gnu99;
				GCC_DYNAMIC_NO_PIC = NO;
				GCC_NO_COMMON_BLOCKS = YES;
				GCC_OPTIMIZATION_LEVEL = 0;
				GCC_PREPROCESSOR_DEFINITIONS = (
					"DEBUG=1",
					"$(inherited)",
				);
				GCC_WARN_64_TO_32_BIT_CONVERSION = YES;
				GCC_WARN_ABOUT_RETURN_TYPE = YES_ERROR;
				GCC_WARN_UNDECLARED_SELECTOR = YES;
				GCC_WARN_UNINITIALIZED_AUTOS = YES_AGGRESSIVE;
				GCC_WARN_UNUSED_FUNCTION = YES;
				GCC_WARN_UNUSED_VARIABLE = YES;
				IPHONEOS_DEPLOYMENT_TARGET = 10.2;
				MTL_ENABLE_DEBUG_INFO = YES;
				ONLY_ACTIVE_ARCH = YES;
				SDKROOT = iphoneos;
				SWIFT_ACTIVE_COMPILATION_CONDITIONS = DEBUG;
				SWIFT_OPTIMIZATION_LEVEL = "-Onone";
				TARGETED_DEVICE_FAMILY = "1,2";
			};
			name = Debug;
		};
		CD7FBCB51E32AE1500DA40F1 /* Release */ = {
			isa = XCBuildConfiguration;
			buildSettings = {
				ALWAYS_SEARCH_USER_PATHS = NO;
				CLANG_ANALYZER_NONNULL = YES;
				CLANG_CXX_LANGUAGE_STANDARD = "gnu++0x";
				CLANG_CXX_LIBRARY = "libc++";
				CLANG_ENABLE_MODULES = YES;
				CLANG_ENABLE_OBJC_ARC = YES;
				CLANG_WARN_BOOL_CONVERSION = YES;
				CLANG_WARN_CONSTANT_CONVERSION = YES;
				CLANG_WARN_DIRECT_OBJC_ISA_USAGE = YES_ERROR;
				CLANG_WARN_DOCUMENTATION_COMMENTS = YES;
				CLANG_WARN_EMPTY_BODY = YES;
				CLANG_WARN_ENUM_CONVERSION = YES;
				CLANG_WARN_INFINITE_RECURSION = YES;
				CLANG_WARN_INT_CONVERSION = YES;
				CLANG_WARN_OBJC_ROOT_CLASS = YES_ERROR;
				CLANG_WARN_SUSPICIOUS_MOVE = YES;
				CLANG_WARN_UNREACHABLE_CODE = YES;
				CLANG_WARN__DUPLICATE_METHOD_MATCH = YES;
				"CODE_SIGN_IDENTITY[sdk=iphoneos*]" = "iPhone Developer";
				COPY_PHASE_STRIP = NO;
				DEBUG_INFORMATION_FORMAT = "dwarf-with-dsym";
				ENABLE_NS_ASSERTIONS = NO;
				ENABLE_STRICT_OBJC_MSGSEND = YES;
				GCC_C_LANGUAGE_STANDARD = gnu99;
				GCC_NO_COMMON_BLOCKS = YES;
				GCC_WARN_64_TO_32_BIT_CONVERSION = YES;
				GCC_WARN_ABOUT_RETURN_TYPE = YES_ERROR;
				GCC_WARN_UNDECLARED_SELECTOR = YES;
				GCC_WARN_UNINITIALIZED_AUTOS = YES_AGGRESSIVE;
				GCC_WARN_UNUSED_FUNCTION = YES;
				GCC_WARN_UNUSED_VARIABLE = YES;
				IPHONEOS_DEPLOYMENT_TARGET = 10.2;
				MTL_ENABLE_DEBUG_INFO = NO;
				SDKROOT = iphoneos;
				SWIFT_OPTIMIZATION_LEVEL = "-Owholemodule";
				TARGETED_DEVICE_FAMILY = "1,2";
				VALIDATE_PRODUCT = YES;
			};
			name = Release;
		};
		CD7FBCB71E32AE1500DA40F1 /* Debug */ = {
			isa = XCBuildConfiguration;
			baseConfigurationReference = 7356764FCF51E447F27ADD22 /* Pods-StopAndSearch.debug.xcconfig */;
			buildSettings = {
				ASSETCATALOG_COMPILER_APPICON_NAME = AppIcon;
				DEVELOPMENT_TEAM = 9793MLEXL9;
				INFOPLIST_FILE = StopAndSearch/Info.plist;
				LD_RUNPATH_SEARCH_PATHS = "$(inherited) @executable_path/Frameworks";
				PRODUCT_BUNDLE_IDENTIFIER = com.samwoolf.StopAndSearch;
				PRODUCT_NAME = "$(TARGET_NAME)";
				SWIFT_VERSION = 3.0;
			};
			name = Debug;
		};
		CD7FBCB81E32AE1500DA40F1 /* Release */ = {
			isa = XCBuildConfiguration;
			baseConfigurationReference = F9E2F30CB29004A374E4F4EF /* Pods-StopAndSearch.release.xcconfig */;
			buildSettings = {
				ASSETCATALOG_COMPILER_APPICON_NAME = AppIcon;
				DEVELOPMENT_TEAM = 9793MLEXL9;
				INFOPLIST_FILE = StopAndSearch/Info.plist;
				LD_RUNPATH_SEARCH_PATHS = "$(inherited) @executable_path/Frameworks";
				PRODUCT_BUNDLE_IDENTIFIER = com.samwoolf.StopAndSearch;
				PRODUCT_NAME = "$(TARGET_NAME)";
				SWIFT_VERSION = 3.0;
			};
			name = Release;
		};
/* End XCBuildConfiguration section */

/* Begin XCConfigurationList section */
		CD33D9711E366BC100AB6E94 /* Build configuration list for PBXNativeTarget "StopAndSearchTests" */ = {
			isa = XCConfigurationList;
			buildConfigurations = (
				CD33D9721E366BC100AB6E94 /* Debug */,
				CD33D9731E366BC100AB6E94 /* Release */,
			);
			defaultConfigurationIsVisible = 0;
			defaultConfigurationName = Release;
		};
		CD7FBC9D1E32AE1400DA40F1 /* Build configuration list for PBXProject "StopAndSearch" */ = {
			isa = XCConfigurationList;
			buildConfigurations = (
				CD7FBCB41E32AE1500DA40F1 /* Debug */,
				CD7FBCB51E32AE1500DA40F1 /* Release */,
			);
			defaultConfigurationIsVisible = 0;
			defaultConfigurationName = Release;
		};
		CD7FBCB61E32AE1500DA40F1 /* Build configuration list for PBXNativeTarget "StopAndSearch" */ = {
			isa = XCConfigurationList;
			buildConfigurations = (
				CD7FBCB71E32AE1500DA40F1 /* Debug */,
				CD7FBCB81E32AE1500DA40F1 /* Release */,
			);
			defaultConfigurationIsVisible = 0;
			defaultConfigurationName = Release;
		};
/* End XCConfigurationList section */
	};
	rootObject = CD7FBC9A1E32AE1400DA40F1 /* Project object */;
}
